
Microsoft Visual Studio Solution File, Format Version 12.00
# Visual Studio Version 16
VisualStudioVersion = 16.0.810.9
MinimumVisualStudioVersion = 10.0.40219.1
Project("{FAE04EC0-301F-11D3-BF4B-00C04F79EFBC}") = "MyCoreApp", "MyCoreApp\MyCoreApp.csproj", "{AD5737E7-4783-4ABC-8CBC-4B7DA561868E}"
EndProject
Global
	GlobalSection(SolutionConfigurationPlatforms) = preSolution
		Debug|Any CPU = Debug|Any CPU
		Release|Any CPU = Release|Any CPU
	EndGlobalSection
	GlobalSection(ProjectConfigurationPlatforms) = postSolution
		{AD5737E7-4783-4ABC-8CBC-4B7DA561868E}.Debug|Any CPU.ActiveCfg = Debug|Any CPU
		{AD5737E7-4783-4ABC-8CBC-4B7DA561868E}.Debug|Any CPU.Build.0 = Debug|Any CPU
		{AD5737E7-4783-4ABC-8CBC-4B7DA561868E}.Release|Any CPU.ActiveCfg = Release|Any CPU
		{AD5737E7-4783-4ABC-8CBC-4B7DA561868E}.Release|Any CPU.Build.0 = Release|Any CPU
	EndGlobalSection
	GlobalSection(SolutionProperties) = preSolution
		HideSolutionNode = FALSE
	EndGlobalSection
	GlobalSection(ExtensibilityGlobals) = postSolution
		SolutionGuid = {40BA2CE6-70EB-4382-8DAE-FA6720287FAE}
	EndGlobalSection
EndGlobal
